<?xml version="1.0" encoding="utf-8"?>
<Project ToolsVersion="4.0" xmlns="http://schemas.microsoft.com/developer/msbuild/2003">
  <ItemGroup>
    <Filter Include="资源文件">
      <UniqueIdentifier>{67DA6AB6-F800-4c08-8B7A-83BB121AAD01}</UniqueIdentifier>
      <Extensions>rc;ico;cur;bmp;dlg;rc2;rct;bin;rgs;gif;jpg;jpeg;jpe;resx;tiff;tif;png;wav;mfcribbon-ms</Extensions>
    </Filter>
    <Filter Include="source">
      <UniqueIdentifier>{25326265-1528-4a6e-bea8-d22a4c12f8ed}</UniqueIdentifier>
    </Filter>
    <Filter Include="include">
      <UniqueIdentifier>{36f7f8e1-5d6d-49a8-bd72-523e01418dad}</UniqueIdentifier>
    </Filter>
  </ItemGroup>
  <ItemGroup>
    <ClCompile Include="..\source\ffmpeg_Info.cpp">
      <Filter>source</Filter>
    </ClCompile>
    <ClCompile Include="..\source\common.cpp">
      <Filter>source</Filter>
    </ClCompile>
    <ClCompile Include="..\source\Player_SDL.cpp">
      <Filter>source</Filter>
    </ClCompile>
    <ClCompile Include="..\source\main.cpp">
      <Filter>source</Filter>
    </ClCompile>
  </ItemGroup>
  <ItemGroup>
    <ClInclude Include="..\include\common.h">
      <Filter>include</Filter>
    </ClInclude>
  </ItemGroup>
</Project>